// !$*UTF8*$!
{
	archiveVersion = 1;
	classes = {
	};
	objectVersion = 46;
	objects = {

/* Begin PBXBuildFile section */
		7708DACD1EB4CCBF00820784 /* MGSwipeTableCell.framework in Frameworks */ = {isa = PBXBuildFile; fileRef = 7708DACC1EB4CCBF00820784 /* MGSwipeTableCell.framework */; };
		770C4C051EB42BC400F377F2 /* Realm.framework in Frameworks */ = {isa = PBXBuildFile; fileRef = 770C4C041EB42BC400F377F2 /* Realm.framework */; };
		772710361EB73AFD00CF8258 /* ItemCustomTableViewCell.swift in Sources */ = {isa = PBXBuildFile; fileRef = 772710351EB73AFD00CF8258 /* ItemCustomTableViewCell.swift */; };
		7796F2C41EB33C4C0055FDA5 /* reco.png in Resources */ = {isa = PBXBuildFile; fileRef = 7796F2BB1EB33C4C0055FDA5 /* reco.png */; };
		7796F2C51EB33C4C0055FDA5 /* stop.png in Resources */ = {isa = PBXBuildFile; fileRef = 7796F2BC1EB33C4C0055FDA5 /* stop.png */; };
		7796F2CE1EB35DA60055FDA5 /* recoacc_120.png in Resources */ = {isa = PBXBuildFile; fileRef = 7796F2C71EB35DA60055FDA5 /* recoacc_120.png */; };
		7796F2CF1EB35DA60055FDA5 /* recoacc_180.png in Resources */ = {isa = PBXBuildFile; fileRef = 7796F2C81EB35DA60055FDA5 /* recoacc_180.png */; };
		7796F2D01EB35DA60055FDA5 /* recoacc_40.png in Resources */ = {isa = PBXBuildFile; fileRef = 7796F2C91EB35DA60055FDA5 /* recoacc_40.png */; };
		7796F2D11EB35DA60055FDA5 /* recoacc_58.png in Resources */ = {isa = PBXBuildFile; fileRef = 7796F2CA1EB35DA60055FDA5 /* recoacc_58.png */; };
		7796F2D21EB35DA60055FDA5 /* recoacc_60.png in Resources */ = {isa = PBXBuildFile; fileRef = 7796F2CB1EB35DA60055FDA5 /* recoacc_60.png */; };
		7796F2D31EB35DA60055FDA5 /* recoacc_80.png in Resources */ = {isa = PBXBuildFile; fileRef = 7796F2CC1EB35DA60055FDA5 /* recoacc_80.png */; };
		7796F2D41EB35DA60055FDA5 /* recoacc_87.png in Resources */ = {isa = PBXBuildFile; fileRef = 7796F2CD1EB35DA60055FDA5 /* recoacc_87.png */; };
		7796F2DA1EB365C90055FDA5 /* screen.png in Resources */ = {isa = PBXBuildFile; fileRef = 7796F2D91EB365C90055FDA5 /* screen.png */; };
		7796F2DF1EB3687F0055FDA5 /* logs_50.png in Resources */ = {isa = PBXBuildFile; fileRef = 7796F2DB1EB3687F0055FDA5 /* logs_50.png */; };
		7796F2E01EB3687F0055FDA5 /* logs_75.png in Resources */ = {isa = PBXBuildFile; fileRef = 7796F2DC1EB3687F0055FDA5 /* logs_75.png */; };
		7796F2E11EB3687F0055FDA5 /* record_50.png in Resources */ = {isa = PBXBuildFile; fileRef = 7796F2DD1EB3687F0055FDA5 /* record_50.png */; };
		7796F2E21EB3687F0055FDA5 /* record_75.png in Resources */ = {isa = PBXBuildFile; fileRef = 7796F2DE1EB3687F0055FDA5 /* record_75.png */; };
		7796F2F81EB37DB10055FDA5 /* RAMAnimatedTabBarController.swift in Sources */ = {isa = PBXBuildFile; fileRef = 7796F2EF1EB37DB10055FDA5 /* RAMAnimatedTabBarController.swift */; };
		7796F2FA1EB37DB10055FDA5 /* RAMItemAnimationProtocol.swift in Sources */ = {isa = PBXBuildFile; fileRef = 7796F2F21EB37DB10055FDA5 /* RAMItemAnimationProtocol.swift */; };
		7796F2FC1EB380E90055FDA5 /* AnimatorMoveLeft.swift in Sources */ = {isa = PBXBuildFile; fileRef = 7796F2FB1EB380E90055FDA5 /* AnimatorMoveLeft.swift */; };
		7796F2FE1EB385B70055FDA5 /* UIColorCode.swift in Sources */ = {isa = PBXBuildFile; fileRef = 7796F2FD1EB385B70055FDA5 /* UIColorCode.swift */; };
		7796F3001EB3917F0055FDA5 /* MainCustomTableViewCell.swift in Sources */ = {isa = PBXBuildFile; fileRef = 7796F2FF1EB3917F0055FDA5 /* MainCustomTableViewCell.swift */; };
		7796F3021EB3925D0055FDA5 /* Item.swift in Sources */ = {isa = PBXBuildFile; fileRef = 7796F3011EB3925D0055FDA5 /* Item.swift */; };
		7796F3041EB3CE8D0055FDA5 /* TableViewController.swift in Sources */ = {isa = PBXBuildFile; fileRef = 7796F3031EB3CE8D0055FDA5 /* TableViewController.swift */; };
		7796F3061EB3D0920055FDA5 /* EditViewController.swift in Sources */ = {isa = PBXBuildFile; fileRef = 7796F3051EB3D0920055FDA5 /* EditViewController.swift */; };
		7796F3131EB429460055FDA5 /* RAMBadge.swift in Sources */ = {isa = PBXBuildFile; fileRef = 7796F3121EB429460055FDA5 /* RAMBadge.swift */; };
		7796F3151EB42A1A0055FDA5 /* RAMBounceAnimation.swift in Sources */ = {isa = PBXBuildFile; fileRef = 7796F3141EB42A1A0055FDA5 /* RAMBounceAnimation.swift */; };
		77E3C8961EB42D17002C88CC /* RealmSwift.framework in Frameworks */ = {isa = PBXBuildFile; fileRef = 77E3C8951EB42D17002C88CC /* RealmSwift.framework */; };
		77E3C8981EB4346D002C88CC /* RecordAccountRealmObject.swift in Sources */ = {isa = PBXBuildFile; fileRef = 77E3C8971EB4346D002C88CC /* RecordAccountRealmObject.swift */; };
		77E3C89A1EB45D36002C88CC /* DateCustomTableViewCell.swift in Sources */ = {isa = PBXBuildFile; fileRef = 77E3C8991EB45D36002C88CC /* DateCustomTableViewCell.swift */; };
		77F2FCED1EAB4C8C00131C61 /* AppDelegate.swift in Sources */ = {isa = PBXBuildFile; fileRef = 77F2FCEC1EAB4C8C00131C61 /* AppDelegate.swift */; };
		77F2FCEF1EAB4C8C00131C61 /* MainViewController.swift in Sources */ = {isa = PBXBuildFile; fileRef = 77F2FCEE1EAB4C8C00131C61 /* MainViewController.swift */; };
		77F2FCF21EAB4C8C00131C61 /* Main.storyboard in Resources */ = {isa = PBXBuildFile; fileRef = 77F2FCF01EAB4C8C00131C61 /* Main.storyboard */; };
		77F2FCF41EAB4C8C00131C61 /* Assets.xcassets in Resources */ = {isa = PBXBuildFile; fileRef = 77F2FCF31EAB4C8C00131C61 /* Assets.xcassets */; };
		77F2FCF71EAB4C8C00131C61 /* LaunchScreen.storyboard in Resources */ = {isa = PBXBuildFile; fileRef = 77F2FCF51EAB4C8C00131C61 /* LaunchScreen.storyboard */; };
		A79580C1B4B9FE28F10F666C /* Pods_RecordAccount.framework in Frameworks */ = {isa = PBXBuildFile; fileRef = 6F7797BEBFE76E029C442099 /* Pods_RecordAccount.framework */; };
/* End PBXBuildFile section */

/* Begin PBXFileReference section */
		3E9EBA8BC101BB365E0617CD /* Pods-RecordAccount.release.xcconfig */ = {isa = PBXFileReference; includeInIndex = 1; lastKnownFileType = text.xcconfig; name = "Pods-RecordAccount.release.xcconfig"; path = "Pods/Target Support Files/Pods-RecordAccount/Pods-RecordAccount.release.xcconfig"; sourceTree = "<group>"; };
		6F7797BEBFE76E029C442099 /* Pods_RecordAccount.framework */ = {isa = PBXFileReference; explicitFileType = wrapper.framework; includeInIndex = 0; path = Pods_RecordAccount.framework; sourceTree = BUILT_PRODUCTS_DIR; };
		7708DACC1EB4CCBF00820784 /* MGSwipeTableCell.framework */ = {isa = PBXFileReference; lastKnownFileType = wrapper.framework; name = MGSwipeTableCell.framework; path = "Pods/../build/Debug-iphoneos/MGSwipeTableCell/MGSwipeTableCell.framework"; sourceTree = "<group>"; };
		770C4C041EB42BC400F377F2 /* Realm.framework */ = {isa = PBXFileReference; lastKnownFileType = wrapper.framework; name = Realm.framework; path = "Pods/../build/Debug-iphoneos/Realm/Realm.framework"; sourceTree = "<group>"; };
		772710351EB73AFD00CF8258 /* ItemCustomTableViewCell.swift */ = {isa = PBXFileReference; fileEncoding = 4; lastKnownFileType = sourcecode.swift; path = ItemCustomTableViewCell.swift; sourceTree = "<group>"; };
		7796F2BB1EB33C4C0055FDA5 /* reco.png */ = {isa = PBXFileReference; lastKnownFileType = image.png; path = reco.png; sourceTree = "<group>"; };
		7796F2BC1EB33C4C0055FDA5 /* stop.png */ = {isa = PBXFileReference; lastKnownFileType = image.png; path = stop.png; sourceTree = "<group>"; };
		7796F2C71EB35DA60055FDA5 /* recoacc_120.png */ = {isa = PBXFileReference; lastKnownFileType = image.png; path = recoacc_120.png; sourceTree = "<group>"; };
		7796F2C81EB35DA60055FDA5 /* recoacc_180.png */ = {isa = PBXFileReference; lastKnownFileType = image.png; path = recoacc_180.png; sourceTree = "<group>"; };
		7796F2C91EB35DA60055FDA5 /* recoacc_40.png */ = {isa = PBXFileReference; lastKnownFileType = image.png; path = recoacc_40.png; sourceTree = "<group>"; };
		7796F2CA1EB35DA60055FDA5 /* recoacc_58.png */ = {isa = PBXFileReference; lastKnownFileType = image.png; path = recoacc_58.png; sourceTree = "<group>"; };
		7796F2CB1EB35DA60055FDA5 /* recoacc_60.png */ = {isa = PBXFileReference; lastKnownFileType = image.png; path = recoacc_60.png; sourceTree = "<group>"; };
		7796F2CC1EB35DA60055FDA5 /* recoacc_80.png */ = {isa = PBXFileReference; lastKnownFileType = image.png; path = recoacc_80.png; sourceTree = "<group>"; };
		7796F2CD1EB35DA60055FDA5 /* recoacc_87.png */ = {isa = PBXFileReference; lastKnownFileType = image.png; path = recoacc_87.png; sourceTree = "<group>"; };
		7796F2D91EB365C90055FDA5 /* screen.png */ = {isa = PBXFileReference; lastKnownFileType = image.png; path = screen.png; sourceTree = "<group>"; };
		7796F2DB1EB3687F0055FDA5 /* logs_50.png */ = {isa = PBXFileReference; lastKnownFileType = image.png; path = logs_50.png; sourceTree = "<group>"; };
		7796F2DC1EB3687F0055FDA5 /* logs_75.png */ = {isa = PBXFileReference; lastKnownFileType = image.png; path = logs_75.png; sourceTree = "<group>"; };
		7796F2DD1EB3687F0055FDA5 /* record_50.png */ = {isa = PBXFileReference; lastKnownFileType = image.png; path = record_50.png; sourceTree = "<group>"; };
		7796F2DE1EB3687F0055FDA5 /* record_75.png */ = {isa = PBXFileReference; lastKnownFileType = image.png; path = record_75.png; sourceTree = "<group>"; };
		7796F2EF1EB37DB10055FDA5 /* RAMAnimatedTabBarController.swift */ = {isa = PBXFileReference; fileEncoding = 4; lastKnownFileType = sourcecode.swift; path = RAMAnimatedTabBarController.swift; sourceTree = "<group>"; };
		7796F2F21EB37DB10055FDA5 /* RAMItemAnimationProtocol.swift */ = {isa = PBXFileReference; fileEncoding = 4; lastKnownFileType = sourcecode.swift; path = RAMItemAnimationProtocol.swift; sourceTree = "<group>"; };
		7796F2FB1EB380E90055FDA5 /* AnimatorMoveLeft.swift */ = {isa = PBXFileReference; fileEncoding = 4; lastKnownFileType = sourcecode.swift; path = AnimatorMoveLeft.swift; sourceTree = "<group>"; };
		7796F2FD1EB385B70055FDA5 /* UIColorCode.swift */ = {isa = PBXFileReference; fileEncoding = 4; lastKnownFileType = sourcecode.swift; path = UIColorCode.swift; sourceTree = "<group>"; };
		7796F2FF1EB3917F0055FDA5 /* MainCustomTableViewCell.swift */ = {isa = PBXFileReference; fileEncoding = 4; lastKnownFileType = sourcecode.swift; path = MainCustomTableViewCell.swift; sourceTree = "<group>"; };
		7796F3011EB3925D0055FDA5 /* Item.swift */ = {isa = PBXFileReference; fileEncoding = 4; lastKnownFileType = sourcecode.swift; path = Item.swift; sourceTree = "<group>"; };
		7796F3031EB3CE8D0055FDA5 /* TableViewController.swift */ = {isa = PBXFileReference; fileEncoding = 4; lastKnownFileType = sourcecode.swift; path = TableViewController.swift; sourceTree = "<group>"; };
		7796F3051EB3D0920055FDA5 /* EditViewController.swift */ = {isa = PBXFileReference; fileEncoding = 4; lastKnownFileType = sourcecode.swift; path = EditViewController.swift; sourceTree = "<group>"; };
		7796F3121EB429460055FDA5 /* RAMBadge.swift */ = {isa = PBXFileReference; fileEncoding = 4; lastKnownFileType = sourcecode.swift; path = RAMBadge.swift; sourceTree = "<group>"; };
		7796F3141EB42A1A0055FDA5 /* RAMBounceAnimation.swift */ = {isa = PBXFileReference; fileEncoding = 4; lastKnownFileType = sourcecode.swift; path = RAMBounceAnimation.swift; sourceTree = "<group>"; };
		77E3C8951EB42D17002C88CC /* RealmSwift.framework */ = {isa = PBXFileReference; lastKnownFileType = wrapper.framework; name = RealmSwift.framework; path = "Pods/../build/Debug-iphoneos/RealmSwift/RealmSwift.framework"; sourceTree = "<group>"; };
		77E3C8971EB4346D002C88CC /* RecordAccountRealmObject.swift */ = {isa = PBXFileReference; fileEncoding = 4; lastKnownFileType = sourcecode.swift; path = RecordAccountRealmObject.swift; sourceTree = "<group>"; };
		77E3C8991EB45D36002C88CC /* DateCustomTableViewCell.swift */ = {isa = PBXFileReference; fileEncoding = 4; lastKnownFileType = sourcecode.swift; path = DateCustomTableViewCell.swift; sourceTree = "<group>"; };
		77F2FCE91EAB4C8C00131C61 /* RecordAccount.app */ = {isa = PBXFileReference; explicitFileType = wrapper.application; includeInIndex = 0; path = RecordAccount.app; sourceTree = BUILT_PRODUCTS_DIR; };
		77F2FCEC1EAB4C8C00131C61 /* AppDelegate.swift */ = {isa = PBXFileReference; lastKnownFileType = sourcecode.swift; path = AppDelegate.swift; sourceTree = "<group>"; };
		77F2FCEE1EAB4C8C00131C61 /* MainViewController.swift */ = {isa = PBXFileReference; lastKnownFileType = sourcecode.swift; path = MainViewController.swift; sourceTree = "<group>"; };
		77F2FCF11EAB4C8C00131C61 /* Base */ = {isa = PBXFileReference; lastKnownFileType = file.storyboard; name = Base; path = Base.lproj/Main.storyboard; sourceTree = "<group>"; };
		77F2FCF31EAB4C8C00131C61 /* Assets.xcassets */ = {isa = PBXFileReference; lastKnownFileType = folder.assetcatalog; path = Assets.xcassets; sourceTree = "<group>"; };
		77F2FCF61EAB4C8C00131C61 /* Base */ = {isa = PBXFileReference; lastKnownFileType = file.storyboard; name = Base; path = Base.lproj/LaunchScreen.storyboard; sourceTree = "<group>"; };
		77F2FCF81EAB4C8C00131C61 /* Info.plist */ = {isa = PBXFileReference; lastKnownFileType = text.plist.xml; path = Info.plist; sourceTree = "<group>"; };
		831B65D4807D999DA89D858D /* Pods-RecordAccount.debug.xcconfig */ = {isa = PBXFileReference; includeInIndex = 1; lastKnownFileType = text.xcconfig; name = "Pods-RecordAccount.debug.xcconfig"; path = "Pods/Target Support Files/Pods-RecordAccount/Pods-RecordAccount.debug.xcconfig"; sourceTree = "<group>"; };
/* End PBXFileReference section */

/* Begin PBXFrameworksBuildPhase section */
		77F2FCE61EAB4C8C00131C61 /* Frameworks */ = {
			isa = PBXFrameworksBuildPhase;
			buildActionMask = 2147483647;
			files = (
				7708DACD1EB4CCBF00820784 /* MGSwipeTableCell.framework in Frameworks */,
				77E3C8961EB42D17002C88CC /* RealmSwift.framework in Frameworks */,
				770C4C051EB42BC400F377F2 /* Realm.framework in Frameworks */,
				A79580C1B4B9FE28F10F666C /* Pods_RecordAccount.framework in Frameworks */,
			);
			runOnlyForDeploymentPostprocessing = 0;
		};
/* End PBXFrameworksBuildPhase section */

/* Begin PBXGroup section */
		58412D26A2CB2A4D7B9D8248 /* Pods */ = {
			isa = PBXGroup;
			children = (
				831B65D4807D999DA89D858D /* Pods-RecordAccount.debug.xcconfig */,
				3E9EBA8BC101BB365E0617CD /* Pods-RecordAccount.release.xcconfig */,
			);
			name = Pods;
			sourceTree = "<group>";
		};
		7796F2BA1EB33C4C0055FDA5 /* image */ = {
			isa = PBXGroup;
			children = (
				7796F2DB1EB3687F0055FDA5 /* logs_50.png */,
				7796F2DC1EB3687F0055FDA5 /* logs_75.png */,
				7796F2DD1EB3687F0055FDA5 /* record_50.png */,
				7796F2DE1EB3687F0055FDA5 /* record_75.png */,
				7796F2D91EB365C90055FDA5 /* screen.png */,
				7796F2BB1EB33C4C0055FDA5 /* reco.png */,
				7796F2BC1EB33C4C0055FDA5 /* stop.png */,
			);
			path = image;
			sourceTree = "<group>";
		};
		7796F2C61EB35DA60055FDA5 /* icon */ = {
			isa = PBXGroup;
			children = (
				7796F2C91EB35DA60055FDA5 /* recoacc_40.png */,
				7796F2CB1EB35DA60055FDA5 /* recoacc_60.png */,
				7796F2CA1EB35DA60055FDA5 /* recoacc_58.png */,
				7796F2CD1EB35DA60055FDA5 /* recoacc_87.png */,
				7796F2CC1EB35DA60055FDA5 /* recoacc_80.png */,
				7796F2C71EB35DA60055FDA5 /* recoacc_120.png */,
				7796F2C81EB35DA60055FDA5 /* recoacc_180.png */,
			);
			path = icon;
			sourceTree = "<group>";
		};
		7796F2E31EB37DB10055FDA5 /* RAMAnimatedTabBarController */ = {
			isa = PBXGroup;
			children = (
				7796F3121EB429460055FDA5 /* RAMBadge.swift */,
				7796F3141EB42A1A0055FDA5 /* RAMBounceAnimation.swift */,
				7796F2EF1EB37DB10055FDA5 /* RAMAnimatedTabBarController.swift */,
				7796F2F21EB37DB10055FDA5 /* RAMItemAnimationProtocol.swift */,
			);
			path = RAMAnimatedTabBarController;
			sourceTree = "<group>";
		};
		77F2FCE01EAB4C8C00131C61 = {
			isa = PBXGroup;
			children = (
				77F2FCEB1EAB4C8C00131C61 /* RecordAccount */,
				77F2FCEA1EAB4C8C00131C61 /* Products */,
				58412D26A2CB2A4D7B9D8248 /* Pods */,
				ADB56C402EF25C825560F38F /* Frameworks */,
			);
			sourceTree = "<group>";
		};
		77F2FCEA1EAB4C8C00131C61 /* Products */ = {
			isa = PBXGroup;
			children = (
				77F2FCE91EAB4C8C00131C61 /* RecordAccount.app */,
			);
			name = Products;
			sourceTree = "<group>";
		};
		77F2FCEB1EAB4C8C00131C61 /* RecordAccount */ = {
			isa = PBXGroup;
			children = (
				7796F2C61EB35DA60055FDA5 /* icon */,
				7796F2BA1EB33C4C0055FDA5 /* image */,
				7796F2E31EB37DB10055FDA5 /* RAMAnimatedTabBarController */,
				7796F2FD1EB385B70055FDA5 /* UIColorCode.swift */,
				77F2FCEC1EAB4C8C00131C61 /* AppDelegate.swift */,
				7796F2FB1EB380E90055FDA5 /* AnimatorMoveLeft.swift */,
				77F2FCEE1EAB4C8C00131C61 /* MainViewController.swift */,
				7796F3031EB3CE8D0055FDA5 /* TableViewController.swift */,
				7796F3051EB3D0920055FDA5 /* EditViewController.swift */,
				7796F3011EB3925D0055FDA5 /* Item.swift */,
				7796F2FF1EB3917F0055FDA5 /* MainCustomTableViewCell.swift */,
				77E3C8991EB45D36002C88CC /* DateCustomTableViewCell.swift */,
				772710351EB73AFD00CF8258 /* ItemCustomTableViewCell.swift */,
				77E3C8971EB4346D002C88CC /* RecordAccountRealmObject.swift */,
				77F2FCF01EAB4C8C00131C61 /* Main.storyboard */,
				77F2FCF31EAB4C8C00131C61 /* Assets.xcassets */,
				77F2FCF51EAB4C8C00131C61 /* LaunchScreen.storyboard */,
				77F2FCF81EAB4C8C00131C61 /* Info.plist */,
			);
			path = RecordAccount;
			sourceTree = "<group>";
		};
		ADB56C402EF25C825560F38F /* Frameworks */ = {
			isa = PBXGroup;
			children = (
				7708DACC1EB4CCBF00820784 /* MGSwipeTableCell.framework */,
				77E3C8951EB42D17002C88CC /* RealmSwift.framework */,
				770C4C041EB42BC400F377F2 /* Realm.framework */,
				6F7797BEBFE76E029C442099 /* Pods_RecordAccount.framework */,
			);
			name = Frameworks;
			sourceTree = "<group>";
		};
/* End PBXGroup section */

/* Begin PBXNativeTarget section */
		77F2FCE81EAB4C8C00131C61 /* RecordAccount */ = {
			isa = PBXNativeTarget;
			buildConfigurationList = 77F2FCFB1EAB4C8C00131C61 /* Build configuration list for PBXNativeTarget "RecordAccount" */;
			buildPhases = (
				38662805170B340F87BA9A50 /* [CP] Check Pods Manifest.lock */,
				77F2FCE51EAB4C8C00131C61 /* Sources */,
				77F2FCE61EAB4C8C00131C61 /* Frameworks */,
				77F2FCE71EAB4C8C00131C61 /* Resources */,
				CFFBF498648579552ED79AEC /* [CP] Embed Pods Frameworks */,
				3E8980EFA8E400F6DF3BBF0A /* [CP] Copy Pods Resources */,
			);
			buildRules = (
			);
			dependencies = (
			);
			name = RecordAccount;
			productName = RecordAccount;
			productReference = 77F2FCE91EAB4C8C00131C61 /* RecordAccount.app */;
			productType = "com.apple.product-type.application";
		};
/* End PBXNativeTarget section */

/* Begin PBXProject section */
		77F2FCE11EAB4C8C00131C61 /* Project object */ = {
			isa = PBXProject;
			attributes = {
				LastSwiftUpdateCheck = 0830;
				LastUpgradeCheck = 0830;
				ORGANIZATIONNAME = Kyome;
				TargetAttributes = {
					77F2FCE81EAB4C8C00131C61 = {
						CreatedOnToolsVersion = 8.3.2;
						DevelopmentTeam = VJ5N2X84K8;
						ProvisioningStyle = Automatic;
					};
				};
			};
			buildConfigurationList = 77F2FCE41EAB4C8C00131C61 /* Build configuration list for PBXProject "RecordAccount" */;
			compatibilityVersion = "Xcode 3.2";
			developmentRegion = English;
			hasScannedForEncodings = 0;
			knownRegions = (
				en,
				Base,
			);
			mainGroup = 77F2FCE01EAB4C8C00131C61;
			productRefGroup = 77F2FCEA1EAB4C8C00131C61 /* Products */;
			projectDirPath = "";
			projectRoot = "";
			targets = (
				77F2FCE81EAB4C8C00131C61 /* RecordAccount */,
			);
		};
/* End PBXProject section */

/* Begin PBXResourcesBuildPhase section */
		77F2FCE71EAB4C8C00131C61 /* Resources */ = {
			isa = PBXResourcesBuildPhase;
			buildActionMask = 2147483647;
			files = (
				7796F2D21EB35DA60055FDA5 /* recoacc_60.png in Resources */,
				7796F2DA1EB365C90055FDA5 /* screen.png in Resources */,
				7796F2D31EB35DA60055FDA5 /* recoacc_80.png in Resources */,
				7796F2E11EB3687F0055FDA5 /* record_50.png in Resources */,
				77F2FCF71EAB4C8C00131C61 /* LaunchScreen.storyboard in Resources */,
				7796F2D41EB35DA60055FDA5 /* recoacc_87.png in Resources */,
				7796F2DF1EB3687F0055FDA5 /* logs_50.png in Resources */,
				7796F2E21EB3687F0055FDA5 /* record_75.png in Resources */,
				7796F2CF1EB35DA60055FDA5 /* recoacc_180.png in Resources */,
				7796F2D11EB35DA60055FDA5 /* recoacc_58.png in Resources */,
				7796F2C51EB33C4C0055FDA5 /* stop.png in Resources */,
				7796F2CE1EB35DA60055FDA5 /* recoacc_120.png in Resources */,
				7796F2D01EB35DA60055FDA5 /* recoacc_40.png in Resources */,
				7796F2C41EB33C4C0055FDA5 /* reco.png in Resources */,
				7796F2E01EB3687F0055FDA5 /* logs_75.png in Resources */,
				77F2FCF41EAB4C8C00131C61 /* Assets.xcassets in Resources */,
				77F2FCF21EAB4C8C00131C61 /* Main.storyboard in Resources */,
			);
			runOnlyForDeploymentPostprocessing = 0;
		};
/* End PBXResourcesBuildPhase section */

/* Begin PBXShellScriptBuildPhase section */
		38662805170B340F87BA9A50 /* [CP] Check Pods Manifest.lock */ = {
			isa = PBXShellScriptBuildPhase;
			buildActionMask = 2147483647;
			files = (
			);
			inputPaths = (
			);
			name = "[CP] Check Pods Manifest.lock";
			outputPaths = (
			);
			runOnlyForDeploymentPostprocessing = 0;
			shellPath = /bin/sh;
			shellScript = "diff \"${PODS_PODFILE_DIR_PATH}/Podfile.lock\" \"${PODS_ROOT}/Manifest.lock\" > /dev/null\nif [ $? != 0 ] ; then\n    # print error to STDERR\n    echo \"error: The sandbox is not in sync with the Podfile.lock. Run 'pod install' or update your CocoaPods installation.\" >&2\n    exit 1\nfi\n";
			showEnvVarsInLog = 0;
		};
		3E8980EFA8E400F6DF3BBF0A /* [CP] Copy Pods Resources */ = {
			isa = PBXShellScriptBuildPhase;
			buildActionMask = 2147483647;
			files = (
			);
			inputPaths = (
			);
			name = "[CP] Copy Pods Resources";
			outputPaths = (
			);
			runOnlyForDeploymentPostprocessing = 0;
			shellPath = /bin/sh;
			shellScript = "\"${SRCROOT}/Pods/Target Support Files/Pods-RecordAccount/Pods-RecordAccount-resources.sh\"\n";
			showEnvVarsInLog = 0;
		};
		CFFBF498648579552ED79AEC /* [CP] Embed Pods Frameworks */ = {
			isa = PBXShellScriptBuildPhase;
			buildActionMask = 2147483647;
			files = (
			);
			inputPaths = (
			);
			name = "[CP] Embed Pods Frameworks";
			outputPaths = (
			);
			runOnlyForDeploymentPostprocessing = 0;
			shellPath = /bin/sh;
			shellScript = "\"${SRCROOT}/Pods/Target Support Files/Pods-RecordAccount/Pods-RecordAccount-frameworks.sh\"\n";
			showEnvVarsInLog = 0;
		};
/* End PBXShellScriptBuildPhase section */

/* Begin PBXSourcesBuildPhase section */
		77F2FCE51EAB4C8C00131C61 /* Sources */ = {
			isa = PBXSourcesBuildPhase;
			buildActionMask = 2147483647;
			files = (
				7796F2FC1EB380E90055FDA5 /* AnimatorMoveLeft.swift in Sources */,
				77E3C89A1EB45D36002C88CC /* DateCustomTableViewCell.swift in Sources */,
				772710361EB73AFD00CF8258 /* ItemCustomTableViewCell.swift in Sources */,
				7796F3021EB3925D0055FDA5 /* Item.swift in Sources */,
				7796F2FA1EB37DB10055FDA5 /* RAMItemAnimationProtocol.swift in Sources */,
				7796F3151EB42A1A0055FDA5 /* RAMBounceAnimation.swift in Sources */,
				7796F3131EB429460055FDA5 /* RAMBadge.swift in Sources */,
				7796F3061EB3D0920055FDA5 /* EditViewController.swift in Sources */,
				77F2FCEF1EAB4C8C00131C61 /* MainViewController.swift in Sources */,
				77E3C8981EB4346D002C88CC /* RecordAccountRealmObject.swift in Sources */,
				7796F3041EB3CE8D0055FDA5 /* TableViewController.swift in Sources */,
				7796F2FE1EB385B70055FDA5 /* UIColorCode.swift in Sources */,
				7796F2F81EB37DB10055FDA5 /* RAMAnimatedTabBarController.swift in Sources */,
				77F2FCED1EAB4C8C00131C61 /* AppDelegate.swift in Sources */,
				7796F3001EB3917F0055FDA5 /* MainCustomTableViewCell.swift in Sources */,
			);
			runOnlyForDeploymentPostprocessing = 0;
		};
/* End PBXSourcesBuildPhase section */

/* Begin PBXVariantGroup section */
		77F2FCF01EAB4C8C00131C61 /* Main.storyboard */ = {
			isa = PBXVariantGroup;
			children = (
				77F2FCF11EAB4C8C00131C61 /* Base */,
			);
			name = Main.storyboard;
			sourceTree = "<group>";
		};
		77F2FCF51EAB4C8C00131C61 /* LaunchScreen.storyboard */ = {
			isa = PBXVariantGroup;
			children = (
				77F2FCF61EAB4C8C00131C61 /* Base */,
			);
			name = LaunchScreen.storyboard;
			sourceTree = "<group>";
		};
/* End PBXVariantGroup section */

/* Begin XCBuildConfiguration section */
		77F2FCF91EAB4C8C00131C61 /* Debug */ = {
			isa = XCBuildConfiguration;
			buildSettings = {
				ALWAYS_SEARCH_USER_PATHS = NO;
				CLANG_ANALYZER_NONNULL = YES;
				CLANG_ANALYZER_NUMBER_OBJECT_CONVERSION = YES_AGGRESSIVE;
				CLANG_CXX_LANGUAGE_STANDARD = "gnu++0x";
				CLANG_CXX_LIBRARY = "libc++";
				CLANG_ENABLE_MODULES = YES;
				CLANG_ENABLE_OBJC_ARC = YES;
				CLANG_WARN_BOOL_CONVERSION = YES;
				CLANG_WARN_CONSTANT_CONVERSION = YES;
				CLANG_WARN_DIRECT_OBJC_ISA_USAGE = YES_ERROR;
				CLANG_WARN_DOCUMENTATION_COMMENTS = YES;
				CLANG_WARN_EMPTY_BODY = YES;
				CLANG_WARN_ENUM_CONVERSION = YES;
				CLANG_WARN_INFINITE_RECURSION = YES;
				CLANG_WARN_INT_CONVERSION = YES;
				CLANG_WARN_OBJC_ROOT_CLASS = YES_ERROR;
				CLANG_WARN_SUSPICIOUS_MOVE = YES;
				CLANG_WARN_UNREACHABLE_CODE = YES;
				CLANG_WARN__DUPLICATE_METHOD_MATCH = YES;
				"CODE_SIGN_IDENTITY[sdk=iphoneos*]" = "iPhone Developer";
				COPY_PHASE_STRIP = NO;
				DEBUG_INFORMATION_FORMAT = dwarf;
				ENABLE_STRICT_OBJC_MSGSEND = YES;
				ENABLE_TESTABILITY = YES;
				GCC_C_LANGUAGE_STANDARD = gnu99;
				GCC_DYNAMIC_NO_PIC = NO;
				GCC_NO_COMMON_BLOCKS = YES;
				GCC_OPTIMIZATION_LEVEL = 0;
				GCC_PREPROCESSOR_DEFINITIONS = (
					"DEBUG=1",
					"$(inherited)",
				);
				GCC_WARN_64_TO_32_BIT_CONVERSION = YES;
				GCC_WARN_ABOUT_RETURN_TYPE = YES_ERROR;
				GCC_WARN_UNDECLARED_SELECTOR = YES;
				GCC_WARN_UNINITIALIZED_AUTOS = YES_AGGRESSIVE;
				GCC_WARN_UNUSED_FUNCTION = YES;
				GCC_WARN_UNUSED_VARIABLE = YES;
				IPHONEOS_DEPLOYMENT_TARGET = 10.3;
				MTL_ENABLE_DEBUG_INFO = YES;
				ONLY_ACTIVE_ARCH = YES;
				SDKROOT = iphoneos;
				SWIFT_ACTIVE_COMPILATION_CONDITIONS = DEBUG;
				SWIFT_OPTIMIZATION_LEVEL = "-Onone";
			};
			name = Debug;
		};
		77F2FCFA1EAB4C8C00131C61 /* Release */ = {
			isa = XCBuildConfiguration;
			buildSettings = {
				ALWAYS_SEARCH_USER_PATHS = NO;
				CLANG_ANALYZER_NONNULL = YES;
				CLANG_ANALYZER_NUMBER_OBJECT_CONVERSION = YES_AGGRESSIVE;
				CLANG_CXX_LANGUAGE_STANDARD = "gnu++0x";
				CLANG_CXX_LIBRARY = "libc++";
				CLANG_ENABLE_MODULES = YES;
				CLANG_ENABLE_OBJC_ARC = YES;
				CLANG_WARN_BOOL_CONVERSION = YES;
				CLANG_WARN_CONSTANT_CONVERSION = YES;
				CLANG_WARN_DIRECT_OBJC_ISA_USAGE = YES_ERROR;
				CLANG_WARN_DOCUMENTATION_COMMENTS = YES;
				CLANG_WARN_EMPTY_BODY = YES;
				CLANG_WARN_ENUM_CONVERSION = YES;
				CLANG_WARN_INFINITE_RECURSION = YES;
				CLANG_WARN_INT_CONVERSION = YES;
				CLANG_WARN_OBJC_ROOT_CLASS = YES_ERROR;
				CLANG_WARN_SUSPICIOUS_MOVE = YES;
				CLANG_WARN_UNREACHABLE_CODE = YES;
				CLANG_WARN__DUPLICATE_METHOD_MATCH = YES;
				"CODE_SIGN_IDENTITY[sdk=iphoneos*]" = "iPhone Developer";
				COPY_PHASE_STRIP = NO;
				DEBUG_INFORMATION_FORMAT = "dwarf-with-dsym";
				ENABLE_NS_ASSERTIONS = NO;
				ENABLE_STRICT_OBJC_MSGSEND = YES;
				GCC_C_LANGUAGE_STANDARD = gnu99;
				GCC_NO_COMMON_BLOCKS = YES;
				GCC_WARN_64_TO_32_BIT_CONVERSION = YES;
				GCC_WARN_ABOUT_RETURN_TYPE = YES_ERROR;
				GCC_WARN_UNDECLARED_SELECTOR = YES;
				GCC_WARN_UNINITIALIZED_AUTOS = YES_AGGRESSIVE;
				GCC_WARN_UNUSED_FUNCTION = YES;
				GCC_WARN_UNUSED_VARIABLE = YES;
				IPHONEOS_DEPLOYMENT_TARGET = 10.3;
				MTL_ENABLE_DEBUG_INFO = NO;
				SDKROOT = iphoneos;
				SWIFT_OPTIMIZATION_LEVEL = "-Owholemodule";
				VALIDATE_PRODUCT = YES;
			};
			name = Release;
		};
		77F2FCFC1EAB4C8C00131C61 /* Debug */ = {
			isa = XCBuildConfiguration;
			baseConfigurationReference = 831B65D4807D999DA89D858D /* Pods-RecordAccount.debug.xcconfig */;
			buildSettings = {
				ASSETCATALOG_COMPILER_APPICON_NAME = AppIcon;
				DEVELOPMENT_TEAM = VJ5N2X84K8;
				FRAMEWORK_SEARCH_PATHS = "$(inherited)";
				INFOPLIST_FILE = RecordAccount/Info.plist;
				LD_RUNPATH_SEARCH_PATHS = "$(inherited) @executable_path/Frameworks";
				PRODUCT_BUNDLE_IDENTIFIER = com.kyome.RecordAccount;
				PRODUCT_NAME = "$(TARGET_NAME)";
				SWIFT_VERSION = 3.0;
			};
			name = Debug;
		};
		77F2FCFD1EAB4C8C00131C61 /* Release */ = {
			isa = XCBuildConfiguration;
			baseConfigurationReference = 3E9EBA8BC101BB365E0617CD /* Pods-RecordAccount.release.xcconfig */;
			buildSettings = {
				ASSETCATALOG_COMPILER_APPICON_NAME = AppIcon;
				DEVELOPMENT_TEAM = VJ5N2X84K8;
				FRAMEWORK_SEARCH_PATHS = "$(inherited)";
				INFOPLIST_FILE = RecordAccount/Info.plist;
				LD_RUNPATH_SEARCH_PATHS = "$(inherited) @executable_path/Frameworks";
				PRODUCT_BUNDLE_IDENTIFIER = com.kyome.RecordAccount;
				PRODUCT_NAME = "$(TARGET_NAME)";
				SWIFT_VERSION = 3.0;
			};
			name = Release;
		};
/* End XCBuildConfiguration section */

/* Begin XCConfigurationList section */
		77F2FCE41EAB4C8C00131C61 /* Build configuration list for PBXProject "RecordAccount" */ = {
			isa = XCConfigurationList;
			buildConfigurations = (
				77F2FCF91EAB4C8C00131C61 /* Debug */,
				77F2FCFA1EAB4C8C00131C61 /* Release */,
			);
			defaultConfigurationIsVisible = 0;
			defaultConfigurationName = Release;
		};
		77F2FCFB1EAB4C8C00131C61 /* Build configuration list for PBXNativeTarget "RecordAccount" */ = {
			isa = XCConfigurationList;
			buildConfigurations = (
				77F2FCFC1EAB4C8C00131C61 /* Debug */,
				77F2FCFD1EAB4C8C00131C61 /* Release */,
			);
			defaultConfigurationIsVisible = 0;
			defaultConfigurationName = Release;
		};
/* End XCConfigurationList section */
	};
	rootObject = 77F2FCE11EAB4C8C00131C61 /* Project object */;
}
